{
  "name": "party",
  "version": "1.0.0",
  "lockfileVersion": 1,
  "requires": true,
  "dependencies": {
    "async-limiter": {
      "version": "1.0.0",
      "resolved": "https://registry.npmjs.org/async-limiter/-/async-limiter-1.0.0.tgz",
      "integrity": "sha512-jp/uFnooOiO+L211eZOoSyzpOITMXx1rBITauYykG3BRYPu8h0UcxsPNB04RR5vo4Tyz3+ay17tR6JVf9qzYWg=="
    },
    "bindings": {
      "version": "1.2.1",
      "resolved": "https://registry.npmjs.org/bindings/-/bindings-1.2.1.tgz",
      "integrity": "sha1-FK1hE4EtLTfXLme0ystLtyZQXxE="
    },
    "component-type": {
      "version": "1.0.0",
      "resolved": "https://registry.npmjs.org/component-type/-/component-type-1.0.0.tgz",
      "integrity": "sha1-HtiBLjLdZQmdQzVwdX8RHqPT2HE="
    },
    "eivindfjeldstad-dot": {
      "version": "0.0.1",
      "resolved": "https://registry.npmjs.org/eivindfjeldstad-dot/-/eivindfjeldstad-dot-0.0.1.tgz",
      "integrity": "sha1-IvyXa/rzBuCDmjHbjoITSA+vuJM="
    },
    "hat": {
      "version": "0.0.3",
      "resolved": "https://registry.npmjs.org/hat/-/hat-0.0.3.tgz",
      "integrity": "sha1-uwFKnmSzeIrtgAWRdBPU/z1QLYo="
    },
    "nan": {
      "version": "2.8.0",
      "resolved": "https://registry.npmjs.org/nan/-/nan-2.8.0.tgz",
      "integrity": "sha1-7XFfP+neArV6XmJS2QqWZ14fCFo="
    },
    "nanomsg": {
      "version": "4.0.2",
      "resolved": "https://registry.npmjs.org/nanomsg/-/nanomsg-4.0.2.tgz",
      "integrity": "sha512-m4FO8uqvkIglzKG7vt0hK1d+cQR1SSssxaCnYUa3SELOO//yal1q8voCgZN/QYQa8WckqzfghyLfDwzNJPg4Tg==",
      "requires": {
        "bindings": "1.2.1",
        "nan": "2.8"
      }
    },
    "options": {
      "version": "0.0.6",
      "resolved": "https://registry.npmjs.org/options/-/options-0.0.6.tgz",
      "integrity": "sha1-7CLTEoBrtT5zF3Pnza788cZDEo8="
    },
    "typecast": {
      "version": "0.0.1",
      "resolved": "https://registry.npmjs.org/typecast/-/typecast-0.0.1.tgz",
      "integrity": "sha1-//t13La98d744pO2tuiT1sHtGd4="
    },
    "ultron": {
      "version": "1.0.2",
      "resolved": "https://registry.npmjs.org/ultron/-/ultron-1.0.2.tgz",
      "integrity": "sha1-rOEWq1V80Zc4ak6I9GhTeMiy5Po="
    },
    "validate": {
      "version": "3.1.0",
      "resolved": "https://registry.npmjs.org/validate/-/validate-3.1.0.tgz",
      "integrity": "sha512-EbwUi9nsuEHjjycMm4mSD2k4CkdErrRHlOpgSR4ohA55lYzROiTCcgkkI6KgM1WSJMYqsYZ8sCEMUZThA2QIlA==",
      "requires": {
        "component-type": "1.0.0",
        "eivindfjeldstad-dot": "0.0.1",
        "typecast": "0.0.1"
      }
    },
    "websocket-relay": {
      "version": "0.3.3",
      "resolved": "https://registry.npmjs.org/websocket-relay/-/websocket-relay-0.3.3.tgz",
      "integrity": "sha1-XqV8C3yplmLp9dr0RLdR5c1CuHc=",
      "requires": {
        "hat": "0.0.3",
        "validate": "^3.0.1",
        "ws": "^1.1.0"
      },
      "dependencies": {
        "ws": {
          "version": "1.1.5",
          "resolved": "https://registry.npmjs.org/ws/-/ws-1.1.5.tgz",
          "integrity": "sha512-o3KqipXNUdS7wpQzBHSe180lBGO60SoK0yVo3CYJgb2MkobuWuBX6dhkYP5ORCLd55y+SaflMOV5fqAB53ux4w==",
          "requires": {
            "options": ">=0.0.5",
            "ultron": "1.0.x"
          }
        }
      }
    },
    "ws": {
      "version": "6.1.2",
      "resolved": "https://registry.npmjs.org/ws/-/ws-6.1.2.tgz",
      "integrity": "sha512-rfUqzvz0WxmSXtJpPMX2EeASXabOrSMk1ruMOV3JBTBjo4ac2lDjGGsbQSyxj8Odhw5fBib8ZKEjDNvgouNKYw==",
      "requires": {
        "async-limiter": "~1.0.0"
      }
    }
  }
}
